
Microsoft Visual Studio Solution File, Format Version 12.00
# Visual Studio Version 17
VisualStudioVersion = 17.5.33530.505
MinimumVisualStudioVersion = 10.0.40219.1
Project("{9A19103F-16F7-4668-BE54-9A1E7A4F7556}") = "WebApiFakeSocialMedia-Mongo", "WebApiFakeSocialMedia-Mongo.csproj", "{883CD5E1-C1BE-48C1-9028-995398410BEE}"
EndProject
Global
	GlobalSection(SolutionConfigurationPlatforms) = preSolution
		Debug|Any CPU = Debug|Any CPU
		Release|Any CPU = Release|Any CPU
	EndGlobalSection
	GlobalSection(ProjectConfigurationPlatforms) = postSolution
		{883CD5E1-C1BE-48C1-9028-995398410BEE}.Debug|Any CPU.ActiveCfg = Debug|Any CPU
		{883CD5E1-C1BE-48C1-9028-995398410BEE}.Debug|Any CPU.Build.0 = Debug|Any CPU
		{883CD5E1-C1BE-48C1-9028-995398410BEE}.Release|Any CPU.ActiveCfg = Release|Any CPU
		{883CD5E1-C1BE-48C1-9028-995398410BEE}.Release|Any CPU.Build.0 = Release|Any CPU
	EndGlobalSection
	GlobalSection(SolutionProperties) = preSolution
		HideSolutionNode = FALSE
	EndGlobalSection
	GlobalSection(ExtensibilityGlobals) = postSolution
		SolutionGuid = {4FD2A950-AA0F-4005-9DAB-9ED82EE54AD0}
	EndGlobalSection
EndGlobal
